
Microsoft Visual Studio Solution File, Format Version 12.00
# Visual Studio Version 17
VisualStudioVersion = 17.0.31903.59
MinimumVisualStudioVersion = 10.0.40219.1
Project("{FAE04EC0-301F-11D3-BF4B-00C04F79EFBC}") = "minimal-api-desafio", "api\minimal-api-desafio.csproj", "{7B1D8426-6BEF-492D-BBD7-686DAF0CCD46}"
EndProject
Project("{FAE04EC0-301F-11D3-BF4B-00C04F79EFBC}") = "api.test", "api.test\api.test.csproj", "{9D7C2980-C7BB-4256-9C5C-FAE84DAF20F9}"
EndProject
Global
	GlobalSection(SolutionConfigurationPlatforms) = preSolution
		Debug|Any CPU = Debug|Any CPU
		Release|Any CPU = Release|Any CPU
	EndGlobalSection
	GlobalSection(SolutionProperties) = preSolution
		HideSolutionNode = FALSE
	EndGlobalSection
	GlobalSection(ProjectConfigurationPlatforms) = postSolution
		{7B1D8426-6BEF-492D-BBD7-686DAF0CCD46}.Debug|Any CPU.ActiveCfg = Debug|Any CPU
		{7B1D8426-6BEF-492D-BBD7-686DAF0CCD46}.Debug|Any CPU.Build.0 = Debug|Any CPU
		{7B1D8426-6BEF-492D-BBD7-686DAF0CCD46}.Release|Any CPU.ActiveCfg = Release|Any CPU
		{7B1D8426-6BEF-492D-BBD7-686DAF0CCD46}.Release|Any CPU.Build.0 = Release|Any CPU
		{9D7C2980-C7BB-4256-9C5C-FAE84DAF20F9}.Debug|Any CPU.ActiveCfg = Debug|Any CPU
		{9D7C2980-C7BB-4256-9C5C-FAE84DAF20F9}.Debug|Any CPU.Build.0 = Debug|Any CPU
		{9D7C2980-C7BB-4256-9C5C-FAE84DAF20F9}.Release|Any CPU.ActiveCfg = Release|Any CPU
		{9D7C2980-C7BB-4256-9C5C-FAE84DAF20F9}.Release|Any CPU.Build.0 = Release|Any CPU
	EndGlobalSection
EndGlobal
